
Microsoft Visual Studio Solution File, Format Version 12.00
# Visual Studio 15
VisualStudioVersion = 15.0.27130.2036
MinimumVisualStudioVersion = 10.0.40219.1
Project("{FAE04EC0-301F-11D3-BF4B-00C04F79EFBC}") = "EGrower.WebApi", "EGrower.WebApi\EGrower.WebApi.csproj", "{C6C5AAE2-1D3F-47D2-A515-A6F56FE1F0FF}"
EndProject
Project("{FAE04EC0-301F-11D3-BF4B-00C04F79EFBC}") = "EGrower.Core", "E.Grower.Core\EGrower.Core.csproj", "{07B6299A-C775-4FDF-9ED6-1CDD743AC90F}"
EndProject
Project("{FAE04EC0-301F-11D3-BF4B-00C04F79EFBC}") = "Egrower.Infrastructure", "Egrower.Infrastructure\Egrower.Infrastructure.csproj", "{0FD47837-91D2-4F4E-8B01-3A036BBC7315}"
EndProject
Project("{FAE04EC0-301F-11D3-BF4B-00C04F79EFBC}") = "EGrower.UnitTests", "EGrower.UnitTests\EGrower.UnitTests.csproj", "{E8204126-9D7C-4072-B5ED-DD8A4DE7F464}"
EndProject
Project("{FAE04EC0-301F-11D3-BF4B-00C04F79EFBC}") = "EGrower.IntegrationTest", "EGrower.IntegrationTest\EGrower.IntegrationTest.csproj", "{E12C53EB-D9EA-4499-A616-078214425BE6}"
EndProject
Global
	GlobalSection(SolutionConfigurationPlatforms) = preSolution
		Debug|Any CPU = Debug|Any CPU
		Release|Any CPU = Release|Any CPU
	EndGlobalSection
	GlobalSection(ProjectConfigurationPlatforms) = postSolution
		{C6C5AAE2-1D3F-47D2-A515-A6F56FE1F0FF}.Debug|Any CPU.ActiveCfg = Debug|Any CPU
		{C6C5AAE2-1D3F-47D2-A515-A6F56FE1F0FF}.Debug|Any CPU.Build.0 = Debug|Any CPU
		{C6C5AAE2-1D3F-47D2-A515-A6F56FE1F0FF}.Release|Any CPU.ActiveCfg = Release|Any CPU
		{C6C5AAE2-1D3F-47D2-A515-A6F56FE1F0FF}.Release|Any CPU.Build.0 = Release|Any CPU
		{07B6299A-C775-4FDF-9ED6-1CDD743AC90F}.Debug|Any CPU.ActiveCfg = Debug|Any CPU
		{07B6299A-C775-4FDF-9ED6-1CDD743AC90F}.Debug|Any CPU.Build.0 = Debug|Any CPU
		{07B6299A-C775-4FDF-9ED6-1CDD743AC90F}.Release|Any CPU.ActiveCfg = Release|Any CPU
		{07B6299A-C775-4FDF-9ED6-1CDD743AC90F}.Release|Any CPU.Build.0 = Release|Any CPU
		{0FD47837-91D2-4F4E-8B01-3A036BBC7315}.Debug|Any CPU.ActiveCfg = Debug|Any CPU
		{0FD47837-91D2-4F4E-8B01-3A036BBC7315}.Debug|Any CPU.Build.0 = Debug|Any CPU
		{0FD47837-91D2-4F4E-8B01-3A036BBC7315}.Release|Any CPU.ActiveCfg = Release|Any CPU
		{0FD47837-91D2-4F4E-8B01-3A036BBC7315}.Release|Any CPU.Build.0 = Release|Any CPU
		{E8204126-9D7C-4072-B5ED-DD8A4DE7F464}.Debug|Any CPU.ActiveCfg = Debug|Any CPU
		{E8204126-9D7C-4072-B5ED-DD8A4DE7F464}.Debug|Any CPU.Build.0 = Debug|Any CPU
		{E8204126-9D7C-4072-B5ED-DD8A4DE7F464}.Release|Any CPU.ActiveCfg = Release|Any CPU
		{E8204126-9D7C-4072-B5ED-DD8A4DE7F464}.Release|Any CPU.Build.0 = Release|Any CPU
		{E12C53EB-D9EA-4499-A616-078214425BE6}.Debug|Any CPU.ActiveCfg = Debug|Any CPU
		{E12C53EB-D9EA-4499-A616-078214425BE6}.Debug|Any CPU.Build.0 = Debug|Any CPU
		{E12C53EB-D9EA-4499-A616-078214425BE6}.Release|Any CPU.ActiveCfg = Release|Any CPU
		{E12C53EB-D9EA-4499-A616-078214425BE6}.Release|Any CPU.Build.0 = Release|Any CPU
	EndGlobalSection
	GlobalSection(SolutionProperties) = preSolution
		HideSolutionNode = FALSE
	EndGlobalSection
	GlobalSection(ExtensibilityGlobals) = postSolution
		SolutionGuid = {304BDF02-A34F-493B-9911-E335487C0C6F}
	EndGlobalSection
EndGlobal
